// !$*UTF8*$!
{
	archiveVersion = 1;
	classes = {
	};
	objectVersion = 46;
	objects = {

/* Begin PBXBuildFile section */
		45F0997E19E4045B00608585 /* main.m in Sources */ = {isa = PBXBuildFile; fileRef = 45F0997D19E4045B00608585 /* main.m */; };
		45F0998119E4045B00608585 /* AppDelegate.m in Sources */ = {isa = PBXBuildFile; fileRef = 45F0998019E4045B00608585 /* AppDelegate.m */; };
		45F0998419E4045B00608585 /* ViewController.m in Sources */ = {isa = PBXBuildFile; fileRef = 45F0998319E4045B00608585 /* ViewController.m */; };
		45F0998719E4045B00608585 /* Main.storyboard in Resources */ = {isa = PBXBuildFile; fileRef = 45F0998519E4045B00608585 /* Main.storyboard */; };
		45F0998919E4045B00608585 /* Images.xcassets in Resources */ = {isa = PBXBuildFile; fileRef = 45F0998819E4045B00608585 /* Images.xcassets */; };
		45F0998C19E4045B00608585 /* LaunchScreen.xib in Resources */ = {isa = PBXBuildFile; fileRef = 45F0998A19E4045B00608585 /* LaunchScreen.xib */; };
		45F0999819E4045B00608585 /* EmptyProjectTests.m in Sources */ = {isa = PBXBuildFile; fileRef = 45F0999719E4045B00608585 /* EmptyProjectTests.m */; };
/* End PBXBuildFile section */

/* Begin PBXContainerItemProxy section */
		45F0999219E4045B00608585 /* PBXContainerItemProxy */ = {
			isa = PBXContainerItemProxy;
			containerPortal = 45F0997019E4045B00608585 /* Project object */;
			proxyType = 1;
			remoteGlobalIDString = 45F0997719E4045B00608585;
			remoteInfo = EmptyProject;
		};
/* End PBXContainerItemProxy section */

/* Begin PBXFileReference section */
		45F0997819E4045B00608585 /* EmptyProject.app */ = {isa = PBXFileReference; explicitFileType = wrapper.application; includeInIndex = 0; path = EmptyProject.app; sourceTree = BUILT_PRODUCTS_DIR; };
		45F0997C19E4045B00608585 /* Info.plist */ = {isa = PBXFileReference; lastKnownFileType = text.plist.xml; path = Info.plist; sourceTree = "<group>"; };
		45F0997D19E4045B00608585 /* main.m */ = {isa = PBXFileReference; lastKnownFileType = sourcecode.c.objc; path = main.m; sourceTree = "<group>"; };
		45F0997F19E4045B00608585 /* AppDelegate.h */ = {isa = PBXFileReference; lastKnownFileType = sourcecode.c.h; path = AppDelegate.h; sourceTree = "<group>"; };
		45F0998019E4045B00608585 /* AppDelegate.m */ = {isa = PBXFileReference; lastKnownFileType = sourcecode.c.objc; path = AppDelegate.m; sourceTree = "<group>"; };
		45F0998219E4045B00608585 /* ViewController.h */ = {isa = PBXFileReference; lastKnownFileType = sourcecode.c.h; path = ViewController.h; sourceTree = "<group>"; };
		45F0998319E4045B00608585 /* ViewController.m */ = {isa = PBXFileReference; lastKnownFileType = sourcecode.c.objc; path = ViewController.m; sourceTree = "<group>"; };
		45F0998619E4045B00608585 /* Base */ = {isa = PBXFileReference; lastKnownFileType = file.storyboard; name = Base; path = Base.lproj/Main.storyboard; sourceTree = "<group>"; };
		45F0998819E4045B00608585 /* Images.xcassets */ = {isa = PBXFileReference; lastKnownFileType = folder.assetcatalog; path = Images.xcassets; sourceTree = "<group>"; };
		45F0998B19E4045B00608585 /* Base */ = {isa = PBXFileReference; lastKnownFileType = file.xib; name = Base; path = Base.lproj/LaunchScreen.xib; sourceTree = "<group>"; };
		45F0999119E4045B00608585 /* EmptyProjectTests.xctest */ = {isa = PBXFileReference; explicitFileType = wrapper.cfbundle; includeInIndex = 0; path = EmptyProjectTests.xctest; sourceTree = BUILT_PRODUCTS_DIR; };
		45F0999619E4045B00608585 /* Info.plist */ = {isa = PBXFileReference; lastKnownFileType = text.plist.xml; path = Info.plist; sourceTree = "<group>"; };
		45F0999719E4045B00608585 /* EmptyProjectTests.m */ = {isa = PBXFileReference; lastKnownFileType = sourcecode.c.objc; path = EmptyProjectTests.m; sourceTree = "<group>"; };
/* End PBXFileReference section */

/* Begin PBXFrameworksBuildPhase section */
		45F0997519E4045B00608585 /* Frameworks */ = {
			isa = PBXFrameworksBuildPhase;
			buildActionMask = 2147483647;
			files = (
			);
			runOnlyForDeploymentPostprocessing = 0;
		};
		45F0998E19E4045B00608585 /* Frameworks */ = {
			isa = PBXFrameworksBuildPhase;
			buildActionMask = 2147483647;
			files = (
			);
			runOnlyForDeploymentPostprocessing = 0;
		};
/* End PBXFrameworksBuildPhase section */

/* Begin PBXGroup section */
		45F0996F19E4045B00608585 = {
			isa = PBXGroup;
			children = (
				45F0997A19E4045B00608585 /* EmptyProject */,
				45F0999419E4045B00608585 /* EmptyProjectTests */,
				45F0997919E4045B00608585 /* Products */,
			);
			sourceTree = "<group>";
		};
		45F0997919E4045B00608585 /* Products */ = {
			isa = PBXGroup;
			children = (
				45F0997819E4045B00608585 /* EmptyProject.app */,
				45F0999119E4045B00608585 /* EmptyProjectTests.xctest */,
			);
			name = Products;
			sourceTree = "<group>";
		};
		45F0997A19E4045B00608585 /* EmptyProject */ = {
			isa = PBXGroup;
			children = (
				45F0997F19E4045B00608585 /* AppDelegate.h */,
				45F0998019E4045B00608585 /* AppDelegate.m */,
				45F0998219E4045B00608585 /* ViewController.h */,
				45F0998319E4045B00608585 /* ViewController.m */,
				45F0998519E4045B00608585 /* Main.storyboard */,
				45F0998819E4045B00608585 /* Images.xcassets */,
				45F0998A19E4045B00608585 /* LaunchScreen.xib */,
				45F0997B19E4045B00608585 /* Supporting Files */,
			);
			path = EmptyProject;
			sourceTree = "<group>";
		};
		45F0997B19E4045B00608585 /* Supporting Files */ = {
			isa = PBXGroup;
			children = (
				45F0997C19E4045B00608585 /* Info.plist */,
				45F0997D19E4045B00608585 /* main.m */,
			);
			name = "Supporting Files";
			sourceTree = "<group>";
		};
		45F0999419E4045B00608585 /* EmptyProjectTests */ = {
			isa = PBXGroup;
			children = (
				45F0999719E4045B00608585 /* EmptyProjectTests.m */,
				45F0999519E4045B00608585 /* Supporting Files */,
			);
			path = EmptyProjectTests;
			sourceTree = "<group>";
		};
		45F0999519E4045B00608585 /* Supporting Files */ = {
			isa = PBXGroup;
			children = (
				45F0999619E4045B00608585 /* Info.plist */,
			);
			name = "Supporting Files";
			sourceTree = "<group>";
		};
/* End PBXGroup section */

/* Begin PBXNativeTarget section */
		45F0997719E4045B00608585 /* EmptyProject */ = {
			isa = PBXNativeTarget;
			buildConfigurationList = 45F0999B19E4045B00608585 /* Build configuration list for PBXNativeTarget "EmptyProject" */;
			buildPhases = (
				45F0997419E4045B00608585 /* Sources */,
				45F0997519E4045B00608585 /* Frameworks */,
				45F0997619E4045B00608585 /* Resources */,
			);
			buildRules = (
			);
			dependencies = (
			);
			name = EmptyProject;
			productName = EmptyProject;
			productReference = 45F0997819E4045B00608585 /* EmptyProject.app */;
			productType = "com.apple.product-type.application";
		};
		45F0999019E4045B00608585 /* EmptyProjectTests */ = {
			isa = PBXNativeTarget;
			buildConfigurationList = 45F0999E19E4045B00608585 /* Build configuration list for PBXNativeTarget "EmptyProjectTests" */;
			buildPhases = (
				45F0998D19E4045B00608585 /* Sources */,
				45F0998E19E4045B00608585 /* Frameworks */,
				45F0998F19E4045B00608585 /* Resources */,
			);
			buildRules = (
			);
			dependencies = (
				45F0999319E4045B00608585 /* PBXTargetDependency */,
			);
			name = EmptyProjectTests;
			productName = EmptyProjectTests;
			productReference = 45F0999119E4045B00608585 /* EmptyProjectTests.xctest */;
			productType = "com.apple.product-type.bundle.unit-test";
		};
/* End PBXNativeTarget section */

/* Begin PBXProject section */
		45F0997019E4045B00608585 /* Project object */ = {
			isa = PBXProject;
			attributes = {
				LastUpgradeCheck = 0600;
				ORGANIZATIONNAME = "Innofied Solution Pvt. Ltd.";
				TargetAttributes = {
					45F0997719E4045B00608585 = {
						CreatedOnToolsVersion = 6.0.1;
					};
					45F0999019E4045B00608585 = {
						CreatedOnToolsVersion = 6.0.1;
						TestTargetID = 45F0997719E4045B00608585;
					};
				};
			};
			buildConfigurationList = 45F0997319E4045B00608585 /* Build configuration list for PBXProject "EmptyProject" */;
			compatibilityVersion = "Xcode 3.2";
			developmentRegion = English;
			hasScannedForEncodings = 0;
			knownRegions = (
				en,
				Base,
			);
			mainGroup = 45F0996F19E4045B00608585;
			productRefGroup = 45F0997919E4045B00608585 /* Products */;
			projectDirPath = "";
			projectRoot = "";
			targets = (
				45F0997719E4045B00608585 /* EmptyProject */,
				45F0999019E4045B00608585 /* EmptyProjectTests */,
			);
		};
/* End PBXProject section */

/* Begin PBXResourcesBuildPhase section */
		45F0997619E4045B00608585 /* Resources */ = {
			isa = PBXResourcesBuildPhase;
			buildActionMask = 2147483647;
			files = (
				45F0998719E4045B00608585 /* Main.storyboard in Resources */,
				45F0998C19E4045B00608585 /* LaunchScreen.xib in Resources */,
				45F0998919E4045B00608585 /* Images.xcassets in Resources */,
			);
			runOnlyForDeploymentPostprocessing = 0;
		};
		45F0998F19E4045B00608585 /* Resources */ = {
			isa = PBXResourcesBuildPhase;
			buildActionMask = 2147483647;
			files = (
			);
			runOnlyForDeploymentPostprocessing = 0;
		};
/* End PBXResourcesBuildPhase section */

/* Begin PBXSourcesBuildPhase section */
		45F0997419E4045B00608585 /* Sources */ = {
			isa = PBXSourcesBuildPhase;
			buildActionMask = 2147483647;
			files = (
				45F0998419E4045B00608585 /* ViewController.m in Sources */,
				45F0998119E4045B00608585 /* AppDelegate.m in Sources */,
				45F0997E19E4045B00608585 /* main.m in Sources */,
			);
			runOnlyForDeploymentPostprocessing = 0;
		};
		45F0998D19E4045B00608585 /* Sources */ = {
			isa = PBXSourcesBuildPhase;
			buildActionMask = 2147483647;
			files = (
				45F0999819E4045B00608585 /* EmptyProjectTests.m in Sources */,
			);
			runOnlyForDeploymentPostprocessing = 0;
		};
/* End PBXSourcesBuildPhase section */

/* Begin PBXTargetDependency section */
		45F0999319E4045B00608585 /* PBXTargetDependency */ = {
			isa = PBXTargetDependency;
			target = 45F0997719E4045B00608585 /* EmptyProject */;
			targetProxy = 45F0999219E4045B00608585 /* PBXContainerItemProxy */;
		};
/* End PBXTargetDependency section */

/* Begin PBXVariantGroup section */
		45F0998519E4045B00608585 /* Main.storyboard */ = {
			isa = PBXVariantGroup;
			children = (
				45F0998619E4045B00608585 /* Base */,
			);
			name = Main.storyboard;
			sourceTree = "<group>";
		};
		45F0998A19E4045B00608585 /* LaunchScreen.xib */ = {
			isa = PBXVariantGroup;
			children = (
				45F0998B19E4045B00608585 /* Base */,
			);
			name = LaunchScreen.xib;
			sourceTree = "<group>";
		};
/* End PBXVariantGroup section */

/* Begin XCBuildConfiguration section */
		45F0999919E4045B00608585 /* Debug */ = {
			isa = XCBuildConfiguration;
			buildSettings = {
				ALWAYS_SEARCH_USER_PATHS = NO;
				CLANG_CXX_LANGUAGE_STANDARD = "gnu++0x";
				CLANG_CXX_LIBRARY = "libc++";
				CLANG_ENABLE_MODULES = YES;
				CLANG_ENABLE_OBJC_ARC = YES;
				CLANG_WARN_BOOL_CONVERSION = YES;
				CLANG_WARN_CONSTANT_CONVERSION = YES;
				CLANG_WARN_DIRECT_OBJC_ISA_USAGE = YES_ERROR;
				CLANG_WARN_EMPTY_BODY = YES;
				CLANG_WARN_ENUM_CONVERSION = YES;
				CLANG_WARN_INT_CONVERSION = YES;
				CLANG_WARN_OBJC_ROOT_CLASS = YES_ERROR;
				CLANG_WARN_UNREACHABLE_CODE = YES;
				CLANG_WARN__DUPLICATE_METHOD_MATCH = YES;
				"CODE_SIGN_IDENTITY[sdk=iphoneos*]" = "iPhone Developer";
				COPY_PHASE_STRIP = NO;
				ENABLE_STRICT_OBJC_MSGSEND = YES;
				GCC_C_LANGUAGE_STANDARD = gnu99;
				GCC_DYNAMIC_NO_PIC = NO;
				GCC_OPTIMIZATION_LEVEL = 0;
				GCC_PREPROCESSOR_DEFINITIONS = (
					"DEBUG=1",
					"$(inherited)",
				);
				GCC_SYMBOLS_PRIVATE_EXTERN = NO;
				GCC_WARN_64_TO_32_BIT_CONVERSION = YES;
				GCC_WARN_ABOUT_RETURN_TYPE = YES_ERROR;
				GCC_WARN_UNDECLARED_SELECTOR = YES;
				GCC_WARN_UNINITIALIZED_AUTOS = YES_AGGRESSIVE;
				GCC_WARN_UNUSED_FUNCTION = YES;
				GCC_WARN_UNUSED_VARIABLE = YES;
				IPHONEOS_DEPLOYMENT_TARGET = 8.0;
				MTL_ENABLE_DEBUG_INFO = YES;
				ONLY_ACTIVE_ARCH = YES;
				SDKROOT = iphoneos;
				TARGETED_DEVICE_FAMILY = "1,2";
			};
			name = Debug;
		};
		45F0999A19E4045B00608585 /* Release */ = {
			isa = XCBuildConfiguration;
			buildSettings = {
				ALWAYS_SEARCH_USER_PATHS = NO;
				CLANG_CXX_LANGUAGE_STANDARD = "gnu++0x";
				CLANG_CXX_LIBRARY = "libc++";
				CLANG_ENABLE_MODULES = YES;
				CLANG_ENABLE_OBJC_ARC = YES;
				CLANG_WARN_BOOL_CONVERSION = YES;
				CLANG_WARN_CONSTANT_CONVERSION = YES;
				CLANG_WARN_DIRECT_OBJC_ISA_USAGE = YES_ERROR;
				CLANG_WARN_EMPTY_BODY = YES;
				CLANG_WARN_ENUM_CONVERSION = YES;
				CLANG_WARN_INT_CONVERSION = YES;
				CLANG_WARN_OBJC_ROOT_CLASS = YES_ERROR;
				CLANG_WARN_UNREACHABLE_CODE = YES;
				CLANG_WARN__DUPLICATE_METHOD_MATCH = YES;
				"CODE_SIGN_IDENTITY[sdk=iphoneos*]" = "iPhone Developer";
				COPY_PHASE_STRIP = YES;
				ENABLE_NS_ASSERTIONS = NO;
				ENABLE_STRICT_OBJC_MSGSEND = YES;
				GCC_C_LANGUAGE_STANDARD = gnu99;
				GCC_WARN_64_TO_32_BIT_CONVERSION = YES;
				GCC_WARN_ABOUT_RETURN_TYPE = YES_ERROR;
				GCC_WARN_UNDECLARED_SELECTOR = YES;
				GCC_WARN_UNINITIALIZED_AUTOS = YES_AGGRESSIVE;
				GCC_WARN_UNUSED_FUNCTION = YES;
				GCC_WARN_UNUSED_VARIABLE = YES;
				IPHONEOS_DEPLOYMENT_TARGET = 8.0;
				MTL_ENABLE_DEBUG_INFO = NO;
				SDKROOT = iphoneos;
				TARGETED_DEVICE_FAMILY = "1,2";
				VALIDATE_PRODUCT = YES;
			};
			name = Release;
		};
		45F0999C19E4045B00608585 /* Debug */ = {
			isa = XCBuildConfiguration;
			buildSettings = {
				ASSETCATALOG_COMPILER_APPICON_NAME = AppIcon;
				INFOPLIST_FILE = EmptyProject/Info.plist;
				LD_RUNPATH_SEARCH_PATHS = "$(inherited) @executable_path/Frameworks";
				PRODUCT_NAME = "$(TARGET_NAME)";
			};
			name = Debug;
		};
		45F0999D19E4045B00608585 /* Release */ = {
			isa = XCBuildConfiguration;
			buildSettings = {
				ASSETCATALOG_COMPILER_APPICON_NAME = AppIcon;
				INFOPLIST_FILE = EmptyProject/Info.plist;
				LD_RUNPATH_SEARCH_PATHS = "$(inherited) @executable_path/Frameworks";
				PRODUCT_NAME = "$(TARGET_NAME)";
			};
			name = Release;
		};
		45F0999F19E4045B00608585 /* Debug */ = {
			isa = XCBuildConfiguration;
			buildSettings = {
				BUNDLE_LOADER = "$(TEST_HOST)";
				FRAMEWORK_SEARCH_PATHS = (
					"$(SDKROOT)/Developer/Library/Frameworks",
					"$(inherited)",
				);
				GCC_PREPROCESSOR_DEFINITIONS = (
					"DEBUG=1",
					"$(inherited)",
				);
				INFOPLIST_FILE = EmptyProjectTests/Info.plist;
				LD_RUNPATH_SEARCH_PATHS = "$(inherited) @executable_path/Frameworks @loader_path/Frameworks";
				PRODUCT_NAME = "$(TARGET_NAME)";
				TEST_HOST = "$(BUILT_PRODUCTS_DIR)/EmptyProject.app/EmptyProject";
			};
			name = Debug;
		};
		45F099A019E4045B00608585 /* Release */ = {
			isa = XCBuildConfiguration;
			buildSettings = {
				BUNDLE_LOADER = "$(TEST_HOST)";
				FRAMEWORK_SEARCH_PATHS = (
					"$(SDKROOT)/Developer/Library/Frameworks",
					"$(inherited)",
				);
				INFOPLIST_FILE = EmptyProjectTests/Info.plist;
				LD_RUNPATH_SEARCH_PATHS = "$(inherited) @executable_path/Frameworks @loader_path/Frameworks";
				PRODUCT_NAME = "$(TARGET_NAME)";
				TEST_HOST = "$(BUILT_PRODUCTS_DIR)/EmptyProject.app/EmptyProject";
			};
			name = Release;
		};
/* End XCBuildConfiguration section */

/* Begin XCConfigurationList section */
		45F0997319E4045B00608585 /* Build configuration list for PBXProject "EmptyProject" */ = {
			isa = XCConfigurationList;
			buildConfigurations = (
				45F0999919E4045B00608585 /* Debug */,
				45F0999A19E4045B00608585 /* Release */,
			);
			defaultConfigurationIsVisible = 0;
			defaultConfigurationName = Release;
		};
		45F0999B19E4045B00608585 /* Build configuration list for PBXNativeTarget "EmptyProject" */ = {
			isa = XCConfigurationList;
			buildConfigurations = (
				45F0999C19E4045B00608585 /* Debug */,
				45F0999D19E4045B00608585 /* Release */,
			);
			defaultConfigurationIsVisible = 0;
		};
		45F0999E19E4045B00608585 /* Build configuration list for PBXNativeTarget "EmptyProjectTests" */ = {
			isa = XCConfigurationList;
			buildConfigurations = (
				45F0999F19E4045B00608585 /* Debug */,
				45F099A019E4045B00608585 /* Release */,
			);
			defaultConfigurationIsVisible = 0;
		};
/* End XCConfigurationList section */
	};
	rootObject = 45F0997019E4045B00608585 /* Project object */;
}
